{
  "requires": true,
  "lockfileVersion": 1,
  "dependencies": {
    "angular-animate": {
      "version": "1.7.3",
      "resolved": "https://registry.npmjs.org/angular-animate/-/angular-animate-1.7.3.tgz",
      "integrity": "sha512-RIYQhql+jUU13jwTrXemSMYTfbGuLBr7jh67R3UbR2yCQ8IOxcXHn2tx+hm8PwXX8agsFAQjWSPP5wam5ecuSg=="
    }
  }
}
